// !$*UTF8*$!
{
	archiveVersion = 1;
	classes = {
	};
	objectVersion = 50;
	objects = {

/* Begin PBXBuildFile section */
		6133E20A266BDA2500C107EB /* Main.storyboard in Resources */ = {isa = PBXBuildFile; fileRef = 6133E208266BDA2500C107EB /* Main.storyboard */; };
		6133E20C266BDA2600C107EB /* Assets.xcassets in Resources */ = {isa = PBXBuildFile; fileRef = 6133E20B266BDA2600C107EB /* Assets.xcassets */; };
		6133E20F266BDA2600C107EB /* LaunchScreen.storyboard in Resources */ = {isa = PBXBuildFile; fileRef = 6133E20D266BDA2600C107EB /* LaunchScreen.storyboard */; };
		6133E212266BDA2600C107EB /* main.m in Sources */ = {isa = PBXBuildFile; fileRef = 6133E211266BDA2600C107EB /* main.m */; };
		6133E21F266BDB0A00C107EB /* Triangle.m in Sources */ = {isa = PBXBuildFile; fileRef = 6133E21E266BDB0A00C107EB /* Triangle.m */; };
		6133E224266BDB2500C107EB /* Rectangle.m in Sources */ = {isa = PBXBuildFile; fileRef = 6133E223266BDB2500C107EB /* Rectangle.m */; };
		6133E229266BDB4000C107EB /* Circle.m in Sources */ = {isa = PBXBuildFile; fileRef = 6133E228266BDB4000C107EB /* Circle.m */; };
/* End PBXBuildFile section */

/* Begin PBXFileReference section */
		6133E1FC266BDA2500C107EB /* ObjCFundamentals_Task1_2.app */ = {isa = PBXFileReference; explicitFileType = wrapper.application; includeInIndex = 0; path = ObjCFundamentals_Task1_2.app; sourceTree = BUILT_PRODUCTS_DIR; };
		6133E209266BDA2500C107EB /* Base */ = {isa = PBXFileReference; lastKnownFileType = file.storyboard; name = Base; path = Base.lproj/Main.storyboard; sourceTree = "<group>"; };
		6133E20B266BDA2600C107EB /* Assets.xcassets */ = {isa = PBXFileReference; lastKnownFileType = folder.assetcatalog; path = Assets.xcassets; sourceTree = "<group>"; };
		6133E20E266BDA2600C107EB /* Base */ = {isa = PBXFileReference; lastKnownFileType = file.storyboard; name = Base; path = Base.lproj/LaunchScreen.storyboard; sourceTree = "<group>"; };
		6133E210266BDA2600C107EB /* Info.plist */ = {isa = PBXFileReference; lastKnownFileType = text.plist.xml; path = Info.plist; sourceTree = "<group>"; };
		6133E211266BDA2600C107EB /* main.m */ = {isa = PBXFileReference; lastKnownFileType = sourcecode.c.objc; path = main.m; sourceTree = "<group>"; };
		6133E21B266BDAD600C107EB /* ShapeType.h */ = {isa = PBXFileReference; lastKnownFileType = sourcecode.c.h; path = ShapeType.h; sourceTree = "<group>"; };
		6133E21D266BDAFC00C107EB /* Triangle.h */ = {isa = PBXFileReference; lastKnownFileType = sourcecode.c.h; path = Triangle.h; sourceTree = "<group>"; };
		6133E21E266BDB0A00C107EB /* Triangle.m */ = {isa = PBXFileReference; lastKnownFileType = sourcecode.c.objc; path = Triangle.m; sourceTree = "<group>"; };
		6133E222266BDB1600C107EB /* Rectangle.h */ = {isa = PBXFileReference; lastKnownFileType = sourcecode.c.h; path = Rectangle.h; sourceTree = "<group>"; };
		6133E223266BDB2500C107EB /* Rectangle.m */ = {isa = PBXFileReference; lastKnownFileType = sourcecode.c.objc; path = Rectangle.m; sourceTree = "<group>"; };
		6133E227266BDB3200C107EB /* Circle.h */ = {isa = PBXFileReference; lastKnownFileType = sourcecode.c.h; path = Circle.h; sourceTree = "<group>"; };
		6133E228266BDB4000C107EB /* Circle.m */ = {isa = PBXFileReference; lastKnownFileType = sourcecode.c.objc; path = Circle.m; sourceTree = "<group>"; };
/* End PBXFileReference section */

/* Begin PBXFrameworksBuildPhase section */
		6133E1F9266BDA2500C107EB /* Frameworks */ = {
			isa = PBXFrameworksBuildPhase;
			buildActionMask = 2147483647;
			files = (
			);
			runOnlyForDeploymentPostprocessing = 0;
		};
/* End PBXFrameworksBuildPhase section */

/* Begin PBXGroup section */
		6133E1F3266BDA2500C107EB = {
			isa = PBXGroup;
			children = (
				6133E1FE266BDA2500C107EB /* ObjCFundamentals_Task1_2 */,
				6133E1FD266BDA2500C107EB /* Products */,
			);
			sourceTree = "<group>";
		};
		6133E1FD266BDA2500C107EB /* Products */ = {
			isa = PBXGroup;
			children = (
				6133E1FC266BDA2500C107EB /* ObjCFundamentals_Task1_2.app */,
			);
			name = Products;
			sourceTree = "<group>";
		};
		6133E1FE266BDA2500C107EB /* ObjCFundamentals_Task1_2 */ = {
			isa = PBXGroup;
			children = (
				6133E211266BDA2600C107EB /* main.m */,
				6133E21C266BDADD00C107EB /* Model */,
				6133E208266BDA2500C107EB /* Main.storyboard */,
				6133E21D266BDAFC00C107EB /* Triangle.h */,
				6133E21E266BDB0A00C107EB /* Triangle.m */,
				6133E222266BDB1600C107EB /* Rectangle.h */,
				6133E223266BDB2500C107EB /* Rectangle.m */,
				6133E227266BDB3200C107EB /* Circle.h */,
				6133E228266BDB4000C107EB /* Circle.m */,
				6133E20B266BDA2600C107EB /* Assets.xcassets */,
				6133E20D266BDA2600C107EB /* LaunchScreen.storyboard */,
				6133E210266BDA2600C107EB /* Info.plist */,
			);
			path = ObjCFundamentals_Task1_2;
			sourceTree = "<group>";
		};
		6133E21C266BDADD00C107EB /* Model */ = {
			isa = PBXGroup;
			children = (
				6133E21B266BDAD600C107EB /* ShapeType.h */,
			);
			path = Model;
			sourceTree = "<group>";
		};
/* End PBXGroup section */

/* Begin PBXNativeTarget section */
		6133E1FB266BDA2500C107EB /* ObjCFundamentals_Task1_2 */ = {
			isa = PBXNativeTarget;
			buildConfigurationList = 6133E215266BDA2600C107EB /* Build configuration list for PBXNativeTarget "ObjCFundamentals_Task1_2" */;
			buildPhases = (
				6133E1F8266BDA2500C107EB /* Sources */,
				6133E1F9266BDA2500C107EB /* Frameworks */,
				6133E1FA266BDA2500C107EB /* Resources */,
			);
			buildRules = (
			);
			dependencies = (
			);
			name = ObjCFundamentals_Task1_2;
			productName = ObjCFundamentals_Task1_2;
			productReference = 6133E1FC266BDA2500C107EB /* ObjCFundamentals_Task1_2.app */;
			productType = "com.apple.product-type.application";
		};
/* End PBXNativeTarget section */

/* Begin PBXProject section */
		6133E1F4266BDA2500C107EB /* Project object */ = {
			isa = PBXProject;
			attributes = {
				LastUpgradeCheck = 1240;
				TargetAttributes = {
					6133E1FB266BDA2500C107EB = {
						CreatedOnToolsVersion = 12.4;
					};
				};
			};
			buildConfigurationList = 6133E1F7266BDA2500C107EB /* Build configuration list for PBXProject "ObjCFundamentals_Task1_2" */;
			compatibilityVersion = "Xcode 9.3";
			developmentRegion = en;
			hasScannedForEncodings = 0;
			knownRegions = (
				en,
				Base,
			);
			mainGroup = 6133E1F3266BDA2500C107EB;
			productRefGroup = 6133E1FD266BDA2500C107EB /* Products */;
			projectDirPath = "";
			projectRoot = "";
			targets = (
				6133E1FB266BDA2500C107EB /* ObjCFundamentals_Task1_2 */,
			);
		};
/* End PBXProject section */

/* Begin PBXResourcesBuildPhase section */
		6133E1FA266BDA2500C107EB /* Resources */ = {
			isa = PBXResourcesBuildPhase;
			buildActionMask = 2147483647;
			files = (
				6133E20F266BDA2600C107EB /* LaunchScreen.storyboard in Resources */,
				6133E20C266BDA2600C107EB /* Assets.xcassets in Resources */,
				6133E20A266BDA2500C107EB /* Main.storyboard in Resources */,
			);
			runOnlyForDeploymentPostprocessing = 0;
		};
/* End PBXResourcesBuildPhase section */

/* Begin PBXSourcesBuildPhase section */
		6133E1F8266BDA2500C107EB /* Sources */ = {
			isa = PBXSourcesBuildPhase;
			buildActionMask = 2147483647;
			files = (
				6133E212266BDA2600C107EB /* main.m in Sources */,
				6133E229266BDB4000C107EB /* Circle.m in Sources */,
				6133E21F266BDB0A00C107EB /* Triangle.m in Sources */,
				6133E224266BDB2500C107EB /* Rectangle.m in Sources */,
			);
			runOnlyForDeploymentPostprocessing = 0;
		};
/* End PBXSourcesBuildPhase section */

/* Begin PBXVariantGroup section */
		6133E208266BDA2500C107EB /* Main.storyboard */ = {
			isa = PBXVariantGroup;
			children = (
				6133E209266BDA2500C107EB /* Base */,
			);
			name = Main.storyboard;
			sourceTree = "<group>";
		};
		6133E20D266BDA2600C107EB /* LaunchScreen.storyboard */ = {
			isa = PBXVariantGroup;
			children = (
				6133E20E266BDA2600C107EB /* Base */,
			);
			name = LaunchScreen.storyboard;
			sourceTree = "<group>";
		};
/* End PBXVariantGroup section */

/* Begin XCBuildConfiguration section */
		6133E213266BDA2600C107EB /* Debug */ = {
			isa = XCBuildConfiguration;
			buildSettings = {
				ALWAYS_SEARCH_USER_PATHS = NO;
				CLANG_ANALYZER_NONNULL = YES;
				CLANG_ANALYZER_NUMBER_OBJECT_CONVERSION = YES_AGGRESSIVE;
				CLANG_CXX_LANGUAGE_STANDARD = "gnu++14";
				CLANG_CXX_LIBRARY = "libc++";
				CLANG_ENABLE_MODULES = YES;
				CLANG_ENABLE_OBJC_ARC = YES;
				CLANG_ENABLE_OBJC_WEAK = YES;
				CLANG_WARN_BLOCK_CAPTURE_AUTORELEASING = YES;
				CLANG_WARN_BOOL_CONVERSION = YES;
				CLANG_WARN_COMMA = YES;
				CLANG_WARN_CONSTANT_CONVERSION = YES;
				CLANG_WARN_DEPRECATED_OBJC_IMPLEMENTATIONS = YES;
				CLANG_WARN_DIRECT_OBJC_ISA_USAGE = YES_ERROR;
				CLANG_WARN_DOCUMENTATION_COMMENTS = YES;
				CLANG_WARN_EMPTY_BODY = YES;
				CLANG_WARN_ENUM_CONVERSION = YES;
				CLANG_WARN_INFINITE_RECURSION = YES;
				CLANG_WARN_INT_CONVERSION = YES;
				CLANG_WARN_NON_LITERAL_NULL_CONVERSION = YES;
				CLANG_WARN_OBJC_IMPLICIT_RETAIN_SELF = YES;
				CLANG_WARN_OBJC_LITERAL_CONVERSION = YES;
				CLANG_WARN_OBJC_ROOT_CLASS = YES_ERROR;
				CLANG_WARN_QUOTED_INCLUDE_IN_FRAMEWORK_HEADER = YES;
				CLANG_WARN_RANGE_LOOP_ANALYSIS = YES;
				CLANG_WARN_STRICT_PROTOTYPES = YES;
				CLANG_WARN_SUSPICIOUS_MOVE = YES;
				CLANG_WARN_UNGUARDED_AVAILABILITY = YES_AGGRESSIVE;
				CLANG_WARN_UNREACHABLE_CODE = YES;
				CLANG_WARN__DUPLICATE_METHOD_MATCH = YES;
				COPY_PHASE_STRIP = NO;
				DEBUG_INFORMATION_FORMAT = dwarf;
				ENABLE_STRICT_OBJC_MSGSEND = YES;
				ENABLE_TESTABILITY = YES;
				GCC_C_LANGUAGE_STANDARD = gnu11;
				GCC_DYNAMIC_NO_PIC = NO;
				GCC_NO_COMMON_BLOCKS = YES;
				GCC_OPTIMIZATION_LEVEL = 0;
				GCC_PREPROCESSOR_DEFINITIONS = (
					"DEBUG=1",
					"$(inherited)",
				);
				GCC_WARN_64_TO_32_BIT_CONVERSION = YES;
				GCC_WARN_ABOUT_RETURN_TYPE = YES_ERROR;
				GCC_WARN_UNDECLARED_SELECTOR = YES;
				GCC_WARN_UNINITIALIZED_AUTOS = YES_AGGRESSIVE;
				GCC_WARN_UNUSED_FUNCTION = YES;
				GCC_WARN_UNUSED_VARIABLE = YES;
				IPHONEOS_DEPLOYMENT_TARGET = 14.4;
				MTL_ENABLE_DEBUG_INFO = INCLUDE_SOURCE;
				MTL_FAST_MATH = YES;
				ONLY_ACTIVE_ARCH = YES;
				SDKROOT = iphoneos;
			};
			name = Debug;
		};
		6133E214266BDA2600C107EB /* Release */ = {
			isa = XCBuildConfiguration;
			buildSettings = {
				ALWAYS_SEARCH_USER_PATHS = NO;
				CLANG_ANALYZER_NONNULL = YES;
				CLANG_ANALYZER_NUMBER_OBJECT_CONVERSION = YES_AGGRESSIVE;
				CLANG_CXX_LANGUAGE_STANDARD = "gnu++14";
				CLANG_CXX_LIBRARY = "libc++";
				CLANG_ENABLE_MODULES = YES;
				CLANG_ENABLE_OBJC_ARC = YES;
				CLANG_ENABLE_OBJC_WEAK = YES;
				CLANG_WARN_BLOCK_CAPTURE_AUTORELEASING = YES;
				CLANG_WARN_BOOL_CONVERSION = YES;
				CLANG_WARN_COMMA = YES;
				CLANG_WARN_CONSTANT_CONVERSION = YES;
				CLANG_WARN_DEPRECATED_OBJC_IMPLEMENTATIONS = YES;
				CLANG_WARN_DIRECT_OBJC_ISA_USAGE = YES_ERROR;
				CLANG_WARN_DOCUMENTATION_COMMENTS = YES;
				CLANG_WARN_EMPTY_BODY = YES;
				CLANG_WARN_ENUM_CONVERSION = YES;
				CLANG_WARN_INFINITE_RECURSION = YES;
				CLANG_WARN_INT_CONVERSION = YES;
				CLANG_WARN_NON_LITERAL_NULL_CONVERSION = YES;
				CLANG_WARN_OBJC_IMPLICIT_RETAIN_SELF = YES;
				CLANG_WARN_OBJC_LITERAL_CONVERSION = YES;
				CLANG_WARN_OBJC_ROOT_CLASS = YES_ERROR;
				CLANG_WARN_QUOTED_INCLUDE_IN_FRAMEWORK_HEADER = YES;
				CLANG_WARN_RANGE_LOOP_ANALYSIS = YES;
				CLANG_WARN_STRICT_PROTOTYPES = YES;
				CLANG_WARN_SUSPICIOUS_MOVE = YES;
				CLANG_WARN_UNGUARDED_AVAILABILITY = YES_AGGRESSIVE;
				CLANG_WARN_UNREACHABLE_CODE = YES;
				CLANG_WARN__DUPLICATE_METHOD_MATCH = YES;
				COPY_PHASE_STRIP = NO;
				DEBUG_INFORMATION_FORMAT = "dwarf-with-dsym";
				ENABLE_NS_ASSERTIONS = NO;
				ENABLE_STRICT_OBJC_MSGSEND = YES;
				GCC_C_LANGUAGE_STANDARD = gnu11;
				GCC_NO_COMMON_BLOCKS = YES;
				GCC_WARN_64_TO_32_BIT_CONVERSION = YES;
				GCC_WARN_ABOUT_RETURN_TYPE = YES_ERROR;
				GCC_WARN_UNDECLARED_SELECTOR = YES;
				GCC_WARN_UNINITIALIZED_AUTOS = YES_AGGRESSIVE;
				GCC_WARN_UNUSED_FUNCTION = YES;
				GCC_WARN_UNUSED_VARIABLE = YES;
				IPHONEOS_DEPLOYMENT_TARGET = 14.4;
				MTL_ENABLE_DEBUG_INFO = NO;
				MTL_FAST_MATH = YES;
				SDKROOT = iphoneos;
				VALIDATE_PRODUCT = YES;
			};
			name = Release;
		};
		6133E216266BDA2600C107EB /* Debug */ = {
			isa = XCBuildConfiguration;
			buildSettings = {
				ASSETCATALOG_COMPILER_APPICON_NAME = AppIcon;
				ASSETCATALOG_COMPILER_GLOBAL_ACCENT_COLOR_NAME = AccentColor;
				CODE_SIGN_STYLE = Automatic;
				DEVELOPMENT_TEAM = J78RUV443X;
				INFOPLIST_FILE = ObjCFundamentals_Task1_2/Info.plist;
				LD_RUNPATH_SEARCH_PATHS = (
					"$(inherited)",
					"@executable_path/Frameworks",
				);
				PRODUCT_BUNDLE_IDENTIFIER = "myID.ObjCFundamentals-Task1-2";
				PRODUCT_NAME = "$(TARGET_NAME)";
				TARGETED_DEVICE_FAMILY = "1,2";
			};
			name = Debug;
		};
		6133E217266BDA2600C107EB /* Release */ = {
			isa = XCBuildConfiguration;
			buildSettings = {
				ASSETCATALOG_COMPILER_APPICON_NAME = AppIcon;
				ASSETCATALOG_COMPILER_GLOBAL_ACCENT_COLOR_NAME = AccentColor;
				CODE_SIGN_STYLE = Automatic;
				DEVELOPMENT_TEAM = J78RUV443X;
				INFOPLIST_FILE = ObjCFundamentals_Task1_2/Info.plist;
				LD_RUNPATH_SEARCH_PATHS = (
					"$(inherited)",
					"@executable_path/Frameworks",
				);
				PRODUCT_BUNDLE_IDENTIFIER = "myID.ObjCFundamentals-Task1-2";
				PRODUCT_NAME = "$(TARGET_NAME)";
				TARGETED_DEVICE_FAMILY = "1,2";
			};
			name = Release;
		};
/* End XCBuildConfiguration section */

/* Begin XCConfigurationList section */
		6133E1F7266BDA2500C107EB /* Build configuration list for PBXProject "ObjCFundamentals_Task1_2" */ = {
			isa = XCConfigurationList;
			buildConfigurations = (
				6133E213266BDA2600C107EB /* Debug */,
				6133E214266BDA2600C107EB /* Release */,
			);
			defaultConfigurationIsVisible = 0;
			defaultConfigurationName = Release;
		};
		6133E215266BDA2600C107EB /* Build configuration list for PBXNativeTarget "ObjCFundamentals_Task1_2" */ = {
			isa = XCConfigurationList;
			buildConfigurations = (
				6133E216266BDA2600C107EB /* Debug */,
				6133E217266BDA2600C107EB /* Release */,
			);
			defaultConfigurationIsVisible = 0;
			defaultConfigurationName = Release;
		};
/* End XCConfigurationList section */
	};
	rootObject = 6133E1F4266BDA2500C107EB /* Project object */;
}
